// !$*UTF8*$!
{
	archiveVersion = 1;
	classes = {
	};
	objectVersion = 56;
	objects = {

/* Begin PBXBuildFile section */
		D819DB832AFAB77F0054F7D7 /* AppDelegate.swift in Sources */ = {isa = PBXBuildFile; fileRef = D819DB822AFAB77F0054F7D7 /* AppDelegate.swift */; };
		D819DB852AFAB77F0054F7D7 /* SceneDelegate.swift in Sources */ = {isa = PBXBuildFile; fileRef = D819DB842AFAB77F0054F7D7 /* SceneDelegate.swift */; };
		D819DB872AFAB77F0054F7D7 /* MainTabBarViewController.swift in Sources */ = {isa = PBXBuildFile; fileRef = D819DB862AFAB77F0054F7D7 /* MainTabBarViewController.swift */; };
		D819DB8C2AFAB7800054F7D7 /* Assets.xcassets in Resources */ = {isa = PBXBuildFile; fileRef = D819DB8B2AFAB7800054F7D7 /* Assets.xcassets */; };
		D819DB8F2AFAB7800054F7D7 /* LaunchScreen.storyboard in Resources */ = {isa = PBXBuildFile; fileRef = D819DB8D2AFAB7800054F7D7 /* LaunchScreen.storyboard */; };
		D8CBE5DF2AFB7F610002D304 /* LibaryViewController.swift in Sources */ = {isa = PBXBuildFile; fileRef = D8CBE5DE2AFB7F610002D304 /* LibaryViewController.swift */; };
		D8CBE5E12AFB7F6E0002D304 /* ForYouViewController.swift in Sources */ = {isa = PBXBuildFile; fileRef = D8CBE5E02AFB7F6E0002D304 /* ForYouViewController.swift */; };
		D8CBE5E32AFB7F7A0002D304 /* AlbumsViewController.swift in Sources */ = {isa = PBXBuildFile; fileRef = D8CBE5E22AFB7F7A0002D304 /* AlbumsViewController.swift */; };
		D8CBE5E52AFB7F850002D304 /* SearchViewController.swift in Sources */ = {isa = PBXBuildFile; fileRef = D8CBE5E42AFB7F850002D304 /* SearchViewController.swift */; };
		D8CBE5EA2AFBA86B0002D304 /* SnapKit in Frameworks */ = {isa = PBXBuildFile; productRef = D8CBE5E92AFBA86B0002D304 /* SnapKit */; };
		D8CBE5EE2AFCAFF00002D304 /* Model.swift in Sources */ = {isa = PBXBuildFile; fileRef = D8CBE5ED2AFCAFF00002D304 /* Model.swift */; };
		D8CBE6122AFF8F100002D304 /* GirdCell.swift in Sources */ = {isa = PBXBuildFile; fileRef = D8CBE6112AFF8F100002D304 /* GirdCell.swift */; };
		D8CBE6342AFFCED50002D304 /* listCell.swift in Sources */ = {isa = PBXBuildFile; fileRef = D8CBE6332AFFCED50002D304 /* listCell.swift */; };
		D8CBE6372AFFDEB60002D304 /* HeaderCell.swift in Sources */ = {isa = PBXBuildFile; fileRef = D8CBE6362AFFDEB60002D304 /* HeaderCell.swift */; };
		D8CBE6392B00B0EC0002D304 /* PeopleCell.swift in Sources */ = {isa = PBXBuildFile; fileRef = D8CBE6382B00B0EC0002D304 /* PeopleCell.swift */; };
/* End PBXBuildFile section */

/* Begin PBXFileReference section */
		D819DB7F2AFAB77F0054F7D7 /* START-HW14-Arken.app */ = {isa = PBXFileReference; explicitFileType = wrapper.application; includeInIndex = 0; path = "START-HW14-Arken.app"; sourceTree = BUILT_PRODUCTS_DIR; };
		D819DB822AFAB77F0054F7D7 /* AppDelegate.swift */ = {isa = PBXFileReference; lastKnownFileType = sourcecode.swift; path = AppDelegate.swift; sourceTree = "<group>"; };
		D819DB842AFAB77F0054F7D7 /* SceneDelegate.swift */ = {isa = PBXFileReference; lastKnownFileType = sourcecode.swift; path = SceneDelegate.swift; sourceTree = "<group>"; };
		D819DB862AFAB77F0054F7D7 /* MainTabBarViewController.swift */ = {isa = PBXFileReference; lastKnownFileType = sourcecode.swift; path = MainTabBarViewController.swift; sourceTree = "<group>"; };
		D819DB8B2AFAB7800054F7D7 /* Assets.xcassets */ = {isa = PBXFileReference; lastKnownFileType = folder.assetcatalog; path = Assets.xcassets; sourceTree = "<group>"; };
		D819DB8E2AFAB7800054F7D7 /* Base */ = {isa = PBXFileReference; lastKnownFileType = file.storyboard; name = Base; path = Base.lproj/LaunchScreen.storyboard; sourceTree = "<group>"; };
		D819DB902AFAB7800054F7D7 /* Info.plist */ = {isa = PBXFileReference; lastKnownFileType = text.plist.xml; path = Info.plist; sourceTree = "<group>"; };
		D8CBE5DE2AFB7F610002D304 /* LibaryViewController.swift */ = {isa = PBXFileReference; lastKnownFileType = sourcecode.swift; path = LibaryViewController.swift; sourceTree = "<group>"; };
		D8CBE5E02AFB7F6E0002D304 /* ForYouViewController.swift */ = {isa = PBXFileReference; lastKnownFileType = sourcecode.swift; path = ForYouViewController.swift; sourceTree = "<group>"; };
		D8CBE5E22AFB7F7A0002D304 /* AlbumsViewController.swift */ = {isa = PBXFileReference; lastKnownFileType = sourcecode.swift; path = AlbumsViewController.swift; sourceTree = "<group>"; };
		D8CBE5E42AFB7F850002D304 /* SearchViewController.swift */ = {isa = PBXFileReference; lastKnownFileType = sourcecode.swift; path = SearchViewController.swift; sourceTree = "<group>"; };
		D8CBE5ED2AFCAFF00002D304 /* Model.swift */ = {isa = PBXFileReference; lastKnownFileType = sourcecode.swift; path = Model.swift; sourceTree = "<group>"; };
		D8CBE6112AFF8F100002D304 /* GirdCell.swift */ = {isa = PBXFileReference; lastKnownFileType = sourcecode.swift; path = GirdCell.swift; sourceTree = "<group>"; };
		D8CBE6332AFFCED50002D304 /* listCell.swift */ = {isa = PBXFileReference; lastKnownFileType = sourcecode.swift; path = listCell.swift; sourceTree = "<group>"; };
		D8CBE6362AFFDEB60002D304 /* HeaderCell.swift */ = {isa = PBXFileReference; lastKnownFileType = sourcecode.swift; path = HeaderCell.swift; sourceTree = "<group>"; };
		D8CBE6382B00B0EC0002D304 /* PeopleCell.swift */ = {isa = PBXFileReference; lastKnownFileType = sourcecode.swift; path = PeopleCell.swift; sourceTree = "<group>"; };
/* End PBXFileReference section */

/* Begin PBXFrameworksBuildPhase section */
		D819DB7C2AFAB77F0054F7D7 /* Frameworks */ = {
			isa = PBXFrameworksBuildPhase;
			buildActionMask = 2147483647;
			files = (
				D8CBE5EA2AFBA86B0002D304 /* SnapKit in Frameworks */,
			);
			runOnlyForDeploymentPostprocessing = 0;
		};
/* End PBXFrameworksBuildPhase section */

/* Begin PBXGroup section */
		D819DB762AFAB77F0054F7D7 = {
			isa = PBXGroup;
			children = (
				D819DB812AFAB77F0054F7D7 /* START-HW14-Arken */,
				D819DB802AFAB77F0054F7D7 /* Products */,
			);
			sourceTree = "<group>";
		};
		D819DB802AFAB77F0054F7D7 /* Products */ = {
			isa = PBXGroup;
			children = (
				D819DB7F2AFAB77F0054F7D7 /* START-HW14-Arken.app */,
			);
			name = Products;
			sourceTree = "<group>";
		};
		D819DB812AFAB77F0054F7D7 /* START-HW14-Arken */ = {
			isa = PBXGroup;
			children = (
				D8CBE5EB2AFCAFCC0002D304 /* Model */,
				D819DB9D2AFABDA80054F7D7 /* AppDelegates */,
				D819DB9C2AFABD9C0054F7D7 /* Controllers */,
				D819DB9B2AFABD940054F7D7 /* Views */,
				D819DB9A2AFABD770054F7D7 /* Assets */,
			);
			path = "START-HW14-Arken";
			sourceTree = "<group>";
		};
		D819DB9A2AFABD770054F7D7 /* Assets */ = {
			isa = PBXGroup;
			children = (
				D819DB8B2AFAB7800054F7D7 /* Assets.xcassets */,
				D819DB902AFAB7800054F7D7 /* Info.plist */,
			);
			path = Assets;
			sourceTree = "<group>";
		};
		D819DB9B2AFABD940054F7D7 /* Views */ = {
			isa = PBXGroup;
			children = (
				D8CBE60F2AFF8E6F0002D304 /* CollectionViewCells */,
				D819DB8D2AFAB7800054F7D7 /* LaunchScreen.storyboard */,
			);
			path = Views;
			sourceTree = "<group>";
		};
		D819DB9C2AFABD9C0054F7D7 /* Controllers */ = {
			isa = PBXGroup;
			children = (
				D819DB862AFAB77F0054F7D7 /* MainTabBarViewController.swift */,
				D8CBE5DE2AFB7F610002D304 /* LibaryViewController.swift */,
				D8CBE5E02AFB7F6E0002D304 /* ForYouViewController.swift */,
				D8CBE5E22AFB7F7A0002D304 /* AlbumsViewController.swift */,
				D8CBE5E42AFB7F850002D304 /* SearchViewController.swift */,
			);
			path = Controllers;
			sourceTree = "<group>";
		};
		D819DB9D2AFABDA80054F7D7 /* AppDelegates */ = {
			isa = PBXGroup;
			children = (
				D819DB822AFAB77F0054F7D7 /* AppDelegate.swift */,
				D819DB842AFAB77F0054F7D7 /* SceneDelegate.swift */,
			);
			path = AppDelegates;
			sourceTree = "<group>";
		};
		D8CBE5EB2AFCAFCC0002D304 /* Model */ = {
			isa = PBXGroup;
			children = (
				D8CBE5ED2AFCAFF00002D304 /* Model.swift */,
			);
			path = Model;
			sourceTree = "<group>";
		};
		D8CBE60F2AFF8E6F0002D304 /* CollectionViewCells */ = {
			isa = PBXGroup;
			children = (
				D8CBE6112AFF8F100002D304 /* GirdCell.swift */,
				D8CBE6332AFFCED50002D304 /* listCell.swift */,
				D8CBE6362AFFDEB60002D304 /* HeaderCell.swift */,
				D8CBE6382B00B0EC0002D304 /* PeopleCell.swift */,
			);
			path = CollectionViewCells;
			sourceTree = "<group>";
		};
/* End PBXGroup section */

/* Begin PBXNativeTarget section */
		D819DB7E2AFAB77F0054F7D7 /* START-HW14-Arken */ = {
			isa = PBXNativeTarget;
			buildConfigurationList = D819DB932AFAB7800054F7D7 /* Build configuration list for PBXNativeTarget "START-HW14-Arken" */;
			buildPhases = (
				D819DB7B2AFAB77F0054F7D7 /* Sources */,
				D819DB7C2AFAB77F0054F7D7 /* Frameworks */,
				D819DB7D2AFAB77F0054F7D7 /* Resources */,
			);
			buildRules = (
			);
			dependencies = (
			);
			name = "START-HW14-Arken";
			packageProductDependencies = (
				D8CBE5E92AFBA86B0002D304 /* SnapKit */,
			);
			productName = "START-HW14-Arken";
			productReference = D819DB7F2AFAB77F0054F7D7 /* START-HW14-Arken.app */;
			productType = "com.apple.product-type.application";
		};
/* End PBXNativeTarget section */

/* Begin PBXProject section */
		D819DB772AFAB77F0054F7D7 /* Project object */ = {
			isa = PBXProject;
			attributes = {
				BuildIndependentTargetsInParallel = 1;
				LastSwiftUpdateCheck = 1430;
				LastUpgradeCheck = 1430;
				TargetAttributes = {
					D819DB7E2AFAB77F0054F7D7 = {
						CreatedOnToolsVersion = 14.3.1;
					};
				};
			};
			buildConfigurationList = D819DB7A2AFAB77F0054F7D7 /* Build configuration list for PBXProject "START-HW14-Arken" */;
			compatibilityVersion = "Xcode 14.0";
			developmentRegion = en;
			hasScannedForEncodings = 0;
			knownRegions = (
				en,
				Base,
			);
			mainGroup = D819DB762AFAB77F0054F7D7;
			packageReferences = (
				D8CBE5E82AFBA86B0002D304 /* XCRemoteSwiftPackageReference "SnapKit" */,
			);
			productRefGroup = D819DB802AFAB77F0054F7D7 /* Products */;
			projectDirPath = "";
			projectRoot = "";
			targets = (
				D819DB7E2AFAB77F0054F7D7 /* START-HW14-Arken */,
			);
		};
/* End PBXProject section */

/* Begin PBXResourcesBuildPhase section */
		D819DB7D2AFAB77F0054F7D7 /* Resources */ = {
			isa = PBXResourcesBuildPhase;
			buildActionMask = 2147483647;
			files = (
				D819DB8F2AFAB7800054F7D7 /* LaunchScreen.storyboard in Resources */,
				D819DB8C2AFAB7800054F7D7 /* Assets.xcassets in Resources */,
			);
			runOnlyForDeploymentPostprocessing = 0;
		};
/* End PBXResourcesBuildPhase section */

/* Begin PBXSourcesBuildPhase section */
		D819DB7B2AFAB77F0054F7D7 /* Sources */ = {
			isa = PBXSourcesBuildPhase;
			buildActionMask = 2147483647;
			files = (
				D8CBE6122AFF8F100002D304 /* GirdCell.swift in Sources */,
				D8CBE5EE2AFCAFF00002D304 /* Model.swift in Sources */,
				D819DB872AFAB77F0054F7D7 /* MainTabBarViewController.swift in Sources */,
				D8CBE6342AFFCED50002D304 /* listCell.swift in Sources */,
				D8CBE5E52AFB7F850002D304 /* SearchViewController.swift in Sources */,
				D819DB832AFAB77F0054F7D7 /* AppDelegate.swift in Sources */,
				D8CBE5E32AFB7F7A0002D304 /* AlbumsViewController.swift in Sources */,
				D819DB852AFAB77F0054F7D7 /* SceneDelegate.swift in Sources */,
				D8CBE6392B00B0EC0002D304 /* PeopleCell.swift in Sources */,
				D8CBE5E12AFB7F6E0002D304 /* ForYouViewController.swift in Sources */,
				D8CBE6372AFFDEB60002D304 /* HeaderCell.swift in Sources */,
				D8CBE5DF2AFB7F610002D304 /* LibaryViewController.swift in Sources */,
			);
			runOnlyForDeploymentPostprocessing = 0;
		};
/* End PBXSourcesBuildPhase section */

/* Begin PBXVariantGroup section */
		D819DB8D2AFAB7800054F7D7 /* LaunchScreen.storyboard */ = {
			isa = PBXVariantGroup;
			children = (
				D819DB8E2AFAB7800054F7D7 /* Base */,
			);
			name = LaunchScreen.storyboard;
			sourceTree = "<group>";
		};
/* End PBXVariantGroup section */

/* Begin XCBuildConfiguration section */
		D819DB912AFAB7800054F7D7 /* Debug */ = {
			isa = XCBuildConfiguration;
			buildSettings = {
				ALWAYS_SEARCH_USER_PATHS = NO;
				CLANG_ANALYZER_NONNULL = YES;
				CLANG_ANALYZER_NUMBER_OBJECT_CONVERSION = YES_AGGRESSIVE;
				CLANG_CXX_LANGUAGE_STANDARD = "gnu++20";
				CLANG_ENABLE_MODULES = YES;
				CLANG_ENABLE_OBJC_ARC = YES;
				CLANG_ENABLE_OBJC_WEAK = YES;
				CLANG_WARN_BLOCK_CAPTURE_AUTORELEASING = YES;
				CLANG_WARN_BOOL_CONVERSION = YES;
				CLANG_WARN_COMMA = YES;
				CLANG_WARN_CONSTANT_CONVERSION = YES;
				CLANG_WARN_DEPRECATED_OBJC_IMPLEMENTATIONS = YES;
				CLANG_WARN_DIRECT_OBJC_ISA_USAGE = YES_ERROR;
				CLANG_WARN_DOCUMENTATION_COMMENTS = YES;
				CLANG_WARN_EMPTY_BODY = YES;
				CLANG_WARN_ENUM_CONVERSION = YES;
				CLANG_WARN_INFINITE_RECURSION = YES;
				CLANG_WARN_INT_CONVERSION = YES;
				CLANG_WARN_NON_LITERAL_NULL_CONVERSION = YES;
				CLANG_WARN_OBJC_IMPLICIT_RETAIN_SELF = YES;
				CLANG_WARN_OBJC_LITERAL_CONVERSION = YES;
				CLANG_WARN_OBJC_ROOT_CLASS = YES_ERROR;
				CLANG_WARN_QUOTED_INCLUDE_IN_FRAMEWORK_HEADER = YES;
				CLANG_WARN_RANGE_LOOP_ANALYSIS = YES;
				CLANG_WARN_STRICT_PROTOTYPES = YES;
				CLANG_WARN_SUSPICIOUS_MOVE = YES;
				CLANG_WARN_UNGUARDED_AVAILABILITY = YES_AGGRESSIVE;
				CLANG_WARN_UNREACHABLE_CODE = YES;
				CLANG_WARN__DUPLICATE_METHOD_MATCH = YES;
				COPY_PHASE_STRIP = NO;
				DEBUG_INFORMATION_FORMAT = dwarf;
				ENABLE_STRICT_OBJC_MSGSEND = YES;
				ENABLE_TESTABILITY = YES;
				GCC_C_LANGUAGE_STANDARD = gnu11;
				GCC_DYNAMIC_NO_PIC = NO;
				GCC_NO_COMMON_BLOCKS = YES;
				GCC_OPTIMIZATION_LEVEL = 0;
				GCC_PREPROCESSOR_DEFINITIONS = (
					"DEBUG=1",
					"$(inherited)",
				);
				GCC_WARN_64_TO_32_BIT_CONVERSION = YES;
				GCC_WARN_ABOUT_RETURN_TYPE = YES_ERROR;
				GCC_WARN_UNDECLARED_SELECTOR = YES;
				GCC_WARN_UNINITIALIZED_AUTOS = YES_AGGRESSIVE;
				GCC_WARN_UNUSED_FUNCTION = YES;
				GCC_WARN_UNUSED_VARIABLE = YES;
				IPHONEOS_DEPLOYMENT_TARGET = 16.4;
				MTL_ENABLE_DEBUG_INFO = INCLUDE_SOURCE;
				MTL_FAST_MATH = YES;
				ONLY_ACTIVE_ARCH = YES;
				SDKROOT = iphoneos;
				SWIFT_ACTIVE_COMPILATION_CONDITIONS = DEBUG;
				SWIFT_OPTIMIZATION_LEVEL = "-Onone";
			};
			name = Debug;
		};
		D819DB922AFAB7800054F7D7 /* Release */ = {
			isa = XCBuildConfiguration;
			buildSettings = {
				ALWAYS_SEARCH_USER_PATHS = NO;
				CLANG_ANALYZER_NONNULL = YES;
				CLANG_ANALYZER_NUMBER_OBJECT_CONVERSION = YES_AGGRESSIVE;
				CLANG_CXX_LANGUAGE_STANDARD = "gnu++20";
				CLANG_ENABLE_MODULES = YES;
				CLANG_ENABLE_OBJC_ARC = YES;
				CLANG_ENABLE_OBJC_WEAK = YES;
				CLANG_WARN_BLOCK_CAPTURE_AUTORELEASING = YES;
				CLANG_WARN_BOOL_CONVERSION = YES;
				CLANG_WARN_COMMA = YES;
				CLANG_WARN_CONSTANT_CONVERSION = YES;
				CLANG_WARN_DEPRECATED_OBJC_IMPLEMENTATIONS = YES;
				CLANG_WARN_DIRECT_OBJC_ISA_USAGE = YES_ERROR;
				CLANG_WARN_DOCUMENTATION_COMMENTS = YES;
				CLANG_WARN_EMPTY_BODY = YES;
				CLANG_WARN_ENUM_CONVERSION = YES;
				CLANG_WARN_INFINITE_RECURSION = YES;
				CLANG_WARN_INT_CONVERSION = YES;
				CLANG_WARN_NON_LITERAL_NULL_CONVERSION = YES;
				CLANG_WARN_OBJC_IMPLICIT_RETAIN_SELF = YES;
				CLANG_WARN_OBJC_LITERAL_CONVERSION = YES;
				CLANG_WARN_OBJC_ROOT_CLASS = YES_ERROR;
				CLANG_WARN_QUOTED_INCLUDE_IN_FRAMEWORK_HEADER = YES;
				CLANG_WARN_RANGE_LOOP_ANALYSIS = YES;
				CLANG_WARN_STRICT_PROTOTYPES = YES;
				CLANG_WARN_SUSPICIOUS_MOVE = YES;
				CLANG_WARN_UNGUARDED_AVAILABILITY = YES_AGGRESSIVE;
				CLANG_WARN_UNREACHABLE_CODE = YES;
				CLANG_WARN__DUPLICATE_METHOD_MATCH = YES;
				COPY_PHASE_STRIP = NO;
				DEBUG_INFORMATION_FORMAT = "dwarf-with-dsym";
				ENABLE_NS_ASSERTIONS = NO;
				ENABLE_STRICT_OBJC_MSGSEND = YES;
				GCC_C_LANGUAGE_STANDARD = gnu11;
				GCC_NO_COMMON_BLOCKS = YES;
				GCC_WARN_64_TO_32_BIT_CONVERSION = YES;
				GCC_WARN_ABOUT_RETURN_TYPE = YES_ERROR;
				GCC_WARN_UNDECLARED_SELECTOR = YES;
				GCC_WARN_UNINITIALIZED_AUTOS = YES_AGGRESSIVE;
				GCC_WARN_UNUSED_FUNCTION = YES;
				GCC_WARN_UNUSED_VARIABLE = YES;
				IPHONEOS_DEPLOYMENT_TARGET = 16.4;
				MTL_ENABLE_DEBUG_INFO = NO;
				MTL_FAST_MATH = YES;
				SDKROOT = iphoneos;
				SWIFT_COMPILATION_MODE = wholemodule;
				SWIFT_OPTIMIZATION_LEVEL = "-O";
				VALIDATE_PRODUCT = YES;
			};
			name = Release;
		};
		D819DB942AFAB7800054F7D7 /* Debug */ = {
			isa = XCBuildConfiguration;
			buildSettings = {
				ASSETCATALOG_COMPILER_APPICON_NAME = AppIcon;
				ASSETCATALOG_COMPILER_GLOBAL_ACCENT_COLOR_NAME = AccentColor;
				CODE_SIGN_STYLE = Automatic;
				CURRENT_PROJECT_VERSION = 1;
				GENERATE_INFOPLIST_FILE = YES;
				INFOPLIST_FILE = "START-HW14-Arken/Assets/Info.plist";
				INFOPLIST_KEY_UIApplicationSupportsIndirectInputEvents = YES;
				INFOPLIST_KEY_UILaunchStoryboardName = LaunchScreen;
				INFOPLIST_KEY_UIMainStoryboardFile = "";
				INFOPLIST_KEY_UISupportedInterfaceOrientations_iPad = "UIInterfaceOrientationPortrait UIInterfaceOrientationPortraitUpsideDown UIInterfaceOrientationLandscapeLeft UIInterfaceOrientationLandscapeRight";
				INFOPLIST_KEY_UISupportedInterfaceOrientations_iPhone = "UIInterfaceOrientationPortrait UIInterfaceOrientationLandscapeLeft UIInterfaceOrientationLandscapeRight";
				LD_RUNPATH_SEARCH_PATHS = (
					"$(inherited)",
					"@executable_path/Frameworks",
				);
				MARKETING_VERSION = 1.0;
				PRODUCT_BUNDLE_IDENTIFIER = "Arken.START-HW14-Arken";
				PRODUCT_NAME = "$(TARGET_NAME)";
				SWIFT_EMIT_LOC_STRINGS = YES;
				SWIFT_VERSION = 5.0;
				TARGETED_DEVICE_FAMILY = "1,2";
			};
			name = Debug;
		};
		D819DB952AFAB7800054F7D7 /* Release */ = {
			isa = XCBuildConfiguration;
			buildSettings = {
				ASSETCATALOG_COMPILER_APPICON_NAME = AppIcon;
				ASSETCATALOG_COMPILER_GLOBAL_ACCENT_COLOR_NAME = AccentColor;
				CODE_SIGN_STYLE = Automatic;
				CURRENT_PROJECT_VERSION = 1;
				GENERATE_INFOPLIST_FILE = YES;
				INFOPLIST_FILE = "START-HW14-Arken/Assets/Info.plist";
				INFOPLIST_KEY_UIApplicationSupportsIndirectInputEvents = YES;
				INFOPLIST_KEY_UILaunchStoryboardName = LaunchScreen;
				INFOPLIST_KEY_UIMainStoryboardFile = "";
				INFOPLIST_KEY_UISupportedInterfaceOrientations_iPad = "UIInterfaceOrientationPortrait UIInterfaceOrientationPortraitUpsideDown UIInterfaceOrientationLandscapeLeft UIInterfaceOrientationLandscapeRight";
				INFOPLIST_KEY_UISupportedInterfaceOrientations_iPhone = "UIInterfaceOrientationPortrait UIInterfaceOrientationLandscapeLeft UIInterfaceOrientationLandscapeRight";
				LD_RUNPATH_SEARCH_PATHS = (
					"$(inherited)",
					"@executable_path/Frameworks",
				);
				MARKETING_VERSION = 1.0;
				PRODUCT_BUNDLE_IDENTIFIER = "Arken.START-HW14-Arken";
				PRODUCT_NAME = "$(TARGET_NAME)";
				SWIFT_EMIT_LOC_STRINGS = YES;
				SWIFT_VERSION = 5.0;
				TARGETED_DEVICE_FAMILY = "1,2";
			};
			name = Release;
		};
/* End XCBuildConfiguration section */

/* Begin XCConfigurationList section */
		D819DB7A2AFAB77F0054F7D7 /* Build configuration list for PBXProject "START-HW14-Arken" */ = {
			isa = XCConfigurationList;
			buildConfigurations = (
				D819DB912AFAB7800054F7D7 /* Debug */,
				D819DB922AFAB7800054F7D7 /* Release */,
			);
			defaultConfigurationIsVisible = 0;
			defaultConfigurationName = Release;
		};
		D819DB932AFAB7800054F7D7 /* Build configuration list for PBXNativeTarget "START-HW14-Arken" */ = {
			isa = XCConfigurationList;
			buildConfigurations = (
				D819DB942AFAB7800054F7D7 /* Debug */,
				D819DB952AFAB7800054F7D7 /* Release */,
			);
			defaultConfigurationIsVisible = 0;
			defaultConfigurationName = Release;
		};
/* End XCConfigurationList section */

/* Begin XCRemoteSwiftPackageReference section */
		D8CBE5E82AFBA86B0002D304 /* XCRemoteSwiftPackageReference "SnapKit" */ = {
			isa = XCRemoteSwiftPackageReference;
			repositoryURL = "https://github.com/SnapKit/SnapKit.git";
			requirement = {
				kind = upToNextMajorVersion;
				minimumVersion = 5.0.0;
			};
		};
/* End XCRemoteSwiftPackageReference section */

/* Begin XCSwiftPackageProductDependency section */
		D8CBE5E92AFBA86B0002D304 /* SnapKit */ = {
			isa = XCSwiftPackageProductDependency;
			package = D8CBE5E82AFBA86B0002D304 /* XCRemoteSwiftPackageReference "SnapKit" */;
			productName = SnapKit;
		};
/* End XCSwiftPackageProductDependency section */
	};
	rootObject = D819DB772AFAB77F0054F7D7 /* Project object */;
}
